// !$*UTF8*$!
{
	archiveVersion = 1;
	classes = {
	};
	objectVersion = 50;
	objects = {

/* Begin PBXBuildFile section */
		4303D4B72801E50C002A07E8 /* color+ect.swift in Sources */ = {isa = PBXBuildFile; fileRef = 4303D4B62801E50C002A07E8 /* color+ect.swift */; };
		4303D4BF2801E668002A07E8 /* Guess.swift in Sources */ = {isa = PBXBuildFile; fileRef = 4303D4BE2801E668002A07E8 /* Guess.swift */; };
		4303D4C22801E672002A07E8 /* GuessView.swift in Sources */ = {isa = PBXBuildFile; fileRef = 4303D4C12801E672002A07E8 /* GuessView.swift */; };
		4303D4C528029B5E002A07E8 /* WordDataModel.swift in Sources */ = {isa = PBXBuildFile; fileRef = 4303D4C428029B5E002A07E8 /* WordDataModel.swift */; };
		4303D4C828029E45002A07E8 /* Global.swift in Sources */ = {isa = PBXBuildFile; fileRef = 4303D4C728029E45002A07E8 /* Global.swift */; };
		4385D7612802B45B00D1795A /* LettersButtonView.swift in Sources */ = {isa = PBXBuildFile; fileRef = 4385D7602802B45B00D1795A /* LettersButtonView.swift */; };
		4385D7642802B6B500D1795A /* Keyboard.swift in Sources */ = {isa = PBXBuildFile; fileRef = 4385D7632802B6B500D1795A /* Keyboard.swift */; };
		4385D7682802DAD600D1795A /* shakes.swift in Sources */ = {isa = PBXBuildFile; fileRef = 4385D7672802DAD600D1795A /* shakes.swift */; };
		4385D76B280316B100D1795A /* flip.swift in Sources */ = {isa = PBXBuildFile; fileRef = 4385D76A280316B100D1795A /* flip.swift */; };
		4385D76E2803C8A100D1795A /* statistic.swift in Sources */ = {isa = PBXBuildFile; fileRef = 4385D76D2803C8A100D1795A /* statistic.swift */; };
		4385D7712803D4CF00D1795A /* statsView.swift in Sources */ = {isa = PBXBuildFile; fileRef = 4385D7702803D4CE00D1795A /* statsView.swift */; };
		4385D77428040A7100D1795A /* Toast.swift in Sources */ = {isa = PBXBuildFile; fileRef = 4385D77328040A7100D1795A /* Toast.swift */; };
		4385D777280612E900D1795A /* UIWindow.swift in Sources */ = {isa = PBXBuildFile; fileRef = 4385D776280612E900D1795A /* UIWindow.swift */; };
		4385D77A2806ADBD00D1795A /* color_selection.swift in Sources */ = {isa = PBXBuildFile; fileRef = 4385D7792806ADBD00D1795A /* color_selection.swift */; };
		4385D77D2806B26500D1795A /* setting.swift in Sources */ = {isa = PBXBuildFile; fileRef = 4385D77C2806B26500D1795A /* setting.swift */; };
		439D9D802801A50700EA09FA /* WordleVincenApp.swift in Sources */ = {isa = PBXBuildFile; fileRef = 439D9D7F2801A50700EA09FA /* WordleVincenApp.swift */; };
		439D9D822801A50700EA09FA /* ContentView.swift in Sources */ = {isa = PBXBuildFile; fileRef = 439D9D812801A50700EA09FA /* ContentView.swift */; };
		439D9D842801A51000EA09FA /* Assets.xcassets in Resources */ = {isa = PBXBuildFile; fileRef = 439D9D832801A51000EA09FA /* Assets.xcassets */; };
		439D9D872801A51000EA09FA /* Preview Assets.xcassets in Resources */ = {isa = PBXBuildFile; fileRef = 439D9D862801A51000EA09FA /* Preview Assets.xcassets */; };
/* End PBXBuildFile section */

/* Begin PBXFileReference section */
		4303D4B62801E50C002A07E8 /* color+ect.swift */ = {isa = PBXFileReference; fileEncoding = 4; lastKnownFileType = sourcecode.swift; name = "color+ect.swift"; path = "Extention/color+ect.swift"; sourceTree = "<group>"; };
		4303D4BE2801E668002A07E8 /* Guess.swift */ = {isa = PBXFileReference; fileEncoding = 4; lastKnownFileType = sourcecode.swift; name = Guess.swift; path = models/Guess.swift; sourceTree = "<group>"; };
		4303D4C12801E672002A07E8 /* GuessView.swift */ = {isa = PBXFileReference; fileEncoding = 4; lastKnownFileType = sourcecode.swift; name = GuessView.swift; path = models/views/GuessView.swift; sourceTree = "<group>"; };
		4303D4C428029B5E002A07E8 /* WordDataModel.swift */ = {isa = PBXFileReference; lastKnownFileType = sourcecode.swift; path = WordDataModel.swift; sourceTree = "<group>"; };
		4303D4C728029E45002A07E8 /* Global.swift */ = {isa = PBXFileReference; lastKnownFileType = sourcecode.swift; path = Global.swift; sourceTree = "<group>"; };
		4385D7602802B45B00D1795A /* LettersButtonView.swift */ = {isa = PBXFileReference; lastKnownFileType = sourcecode.swift; path = LettersButtonView.swift; sourceTree = "<group>"; };
		4385D7632802B6B500D1795A /* Keyboard.swift */ = {isa = PBXFileReference; lastKnownFileType = sourcecode.swift; path = Keyboard.swift; sourceTree = "<group>"; };
		4385D7672802DAD600D1795A /* shakes.swift */ = {isa = PBXFileReference; lastKnownFileType = sourcecode.swift; path = shakes.swift; sourceTree = "<group>"; };
		4385D76A280316B100D1795A /* flip.swift */ = {isa = PBXFileReference; lastKnownFileType = sourcecode.swift; path = flip.swift; sourceTree = "<group>"; };
		4385D76D2803C8A100D1795A /* statistic.swift */ = {isa = PBXFileReference; lastKnownFileType = sourcecode.swift; path = statistic.swift; sourceTree = "<group>"; };
		4385D7702803D4CE00D1795A /* statsView.swift */ = {isa = PBXFileReference; lastKnownFileType = sourcecode.swift; path = statsView.swift; sourceTree = "<group>"; };
		4385D77328040A7100D1795A /* Toast.swift */ = {isa = PBXFileReference; lastKnownFileType = sourcecode.swift; path = Toast.swift; sourceTree = "<group>"; };
		4385D776280612E900D1795A /* UIWindow.swift */ = {isa = PBXFileReference; lastKnownFileType = sourcecode.swift; path = UIWindow.swift; sourceTree = "<group>"; };
		4385D7792806ADBD00D1795A /* color_selection.swift */ = {isa = PBXFileReference; lastKnownFileType = sourcecode.swift; path = color_selection.swift; sourceTree = "<group>"; };
		4385D77C2806B26500D1795A /* setting.swift */ = {isa = PBXFileReference; lastKnownFileType = sourcecode.swift; path = setting.swift; sourceTree = "<group>"; };
		439D9D7C2801A50700EA09FA /* WordleVincen.app */ = {isa = PBXFileReference; explicitFileType = wrapper.application; includeInIndex = 0; path = WordleVincen.app; sourceTree = BUILT_PRODUCTS_DIR; };
		439D9D7F2801A50700EA09FA /* WordleVincenApp.swift */ = {isa = PBXFileReference; lastKnownFileType = sourcecode.swift; path = WordleVincenApp.swift; sourceTree = "<group>"; };
		439D9D812801A50700EA09FA /* ContentView.swift */ = {isa = PBXFileReference; lastKnownFileType = sourcecode.swift; path = ContentView.swift; sourceTree = "<group>"; };
		439D9D832801A51000EA09FA /* Assets.xcassets */ = {isa = PBXFileReference; lastKnownFileType = folder.assetcatalog; path = Assets.xcassets; sourceTree = "<group>"; };
		439D9D862801A51000EA09FA /* Preview Assets.xcassets */ = {isa = PBXFileReference; lastKnownFileType = folder.assetcatalog; path = "Preview Assets.xcassets"; sourceTree = "<group>"; };
		439D9D882801A51000EA09FA /* Info.plist */ = {isa = PBXFileReference; lastKnownFileType = text.plist.xml; path = Info.plist; sourceTree = "<group>"; };
/* End PBXFileReference section */

/* Begin PBXFrameworksBuildPhase section */
		439D9D792801A50700EA09FA /* Frameworks */ = {
			isa = PBXFrameworksBuildPhase;
			buildActionMask = 2147483647;
			files = (
			);
			runOnlyForDeploymentPostprocessing = 0;
		};
/* End PBXFrameworksBuildPhase section */

/* Begin PBXGroup section */
		439D9D732801A50600EA09FA = {
			isa = PBXGroup;
			children = (
				439D9D7E2801A50700EA09FA /* WordleVincen */,
				439D9D7D2801A50700EA09FA /* Products */,
			);
			sourceTree = "<group>";
		};
		439D9D7D2801A50700EA09FA /* Products */ = {
			isa = PBXGroup;
			children = (
				439D9D7C2801A50700EA09FA /* WordleVincen.app */,
			);
			name = Products;
			sourceTree = "<group>";
		};
		439D9D7E2801A50700EA09FA /* WordleVincen */ = {
			isa = PBXGroup;
			children = (
				439D9D7F2801A50700EA09FA /* WordleVincenApp.swift */,
				439D9D812801A50700EA09FA /* ContentView.swift */,
				439D9D832801A51000EA09FA /* Assets.xcassets */,
				4385D77328040A7100D1795A /* Toast.swift */,
				4303D4B62801E50C002A07E8 /* color+ect.swift */,
				4385D7792806ADBD00D1795A /* color_selection.swift */,
				4303D4BE2801E668002A07E8 /* Guess.swift */,
				4385D76A280316B100D1795A /* flip.swift */,
				439D9D882801A51000EA09FA /* Info.plist */,
				4385D7632802B6B500D1795A /* Keyboard.swift */,
				4303D4C428029B5E002A07E8 /* WordDataModel.swift */,
				4385D7672802DAD600D1795A /* shakes.swift */,
				4385D7602802B45B00D1795A /* LettersButtonView.swift */,
				4385D776280612E900D1795A /* UIWindow.swift */,
				4303D4C12801E672002A07E8 /* GuessView.swift */,
				4303D4C728029E45002A07E8 /* Global.swift */,
				4385D76D2803C8A100D1795A /* statistic.swift */,
				4385D7702803D4CE00D1795A /* statsView.swift */,
				4385D77C2806B26500D1795A /* setting.swift */,
				439D9D852801A51000EA09FA /* Preview Content */,
			);
			path = WordleVincen;
			sourceTree = "<group>";
		};
		439D9D852801A51000EA09FA /* Preview Content */ = {
			isa = PBXGroup;
			children = (
				439D9D862801A51000EA09FA /* Preview Assets.xcassets */,
			);
			path = "Preview Content";
			sourceTree = "<group>";
		};
/* End PBXGroup section */

/* Begin PBXNativeTarget section */
		439D9D7B2801A50700EA09FA /* WordleVincen */ = {
			isa = PBXNativeTarget;
			buildConfigurationList = 439D9D8B2801A51000EA09FA /* Build configuration list for PBXNativeTarget "WordleVincen" */;
			buildPhases = (
				439D9D782801A50700EA09FA /* Sources */,
				439D9D792801A50700EA09FA /* Frameworks */,
				439D9D7A2801A50700EA09FA /* Resources */,
			);
			buildRules = (
			);
			dependencies = (
			);
			name = WordleVincen;
			productName = WordleVincen;
			productReference = 439D9D7C2801A50700EA09FA /* WordleVincen.app */;
			productType = "com.apple.product-type.application";
		};
/* End PBXNativeTarget section */

/* Begin PBXProject section */
		439D9D742801A50600EA09FA /* Project object */ = {
			isa = PBXProject;
			attributes = {
				LastSwiftUpdateCheck = 1240;
				LastUpgradeCheck = 1240;
				TargetAttributes = {
					439D9D7B2801A50700EA09FA = {
						CreatedOnToolsVersion = 12.4;
					};
				};
			};
			buildConfigurationList = 439D9D772801A50600EA09FA /* Build configuration list for PBXProject "WordleVincen" */;
			compatibilityVersion = "Xcode 9.3";
			developmentRegion = en;
			hasScannedForEncodings = 0;
			knownRegions = (
				en,
				Base,
			);
			mainGroup = 439D9D732801A50600EA09FA;
			productRefGroup = 439D9D7D2801A50700EA09FA /* Products */;
			projectDirPath = "";
			projectRoot = "";
			targets = (
				439D9D7B2801A50700EA09FA /* WordleVincen */,
			);
		};
/* End PBXProject section */

/* Begin PBXResourcesBuildPhase section */
		439D9D7A2801A50700EA09FA /* Resources */ = {
			isa = PBXResourcesBuildPhase;
			buildActionMask = 2147483647;
			files = (
				439D9D872801A51000EA09FA /* Preview Assets.xcassets in Resources */,
				439D9D842801A51000EA09FA /* Assets.xcassets in Resources */,
			);
			runOnlyForDeploymentPostprocessing = 0;
		};
/* End PBXResourcesBuildPhase section */

/* Begin PBXSourcesBuildPhase section */
		439D9D782801A50700EA09FA /* Sources */ = {
			isa = PBXSourcesBuildPhase;
			buildActionMask = 2147483647;
			files = (
				4303D4B72801E50C002A07E8 /* color+ect.swift in Sources */,
				4303D4C528029B5E002A07E8 /* WordDataModel.swift in Sources */,
				4303D4C22801E672002A07E8 /* GuessView.swift in Sources */,
				4303D4BF2801E668002A07E8 /* Guess.swift in Sources */,
				4385D77A2806ADBD00D1795A /* color_selection.swift in Sources */,
				4385D7642802B6B500D1795A /* Keyboard.swift in Sources */,
				4385D7612802B45B00D1795A /* LettersButtonView.swift in Sources */,
				439D9D822801A50700EA09FA /* ContentView.swift in Sources */,
				4385D77D2806B26500D1795A /* setting.swift in Sources */,
				439D9D802801A50700EA09FA /* WordleVincenApp.swift in Sources */,
				4385D7712803D4CF00D1795A /* statsView.swift in Sources */,
				4385D76B280316B100D1795A /* flip.swift in Sources */,
				4385D7682802DAD600D1795A /* shakes.swift in Sources */,
				4385D76E2803C8A100D1795A /* statistic.swift in Sources */,
				4385D777280612E900D1795A /* UIWindow.swift in Sources */,
				4303D4C828029E45002A07E8 /* Global.swift in Sources */,
				4385D77428040A7100D1795A /* Toast.swift in Sources */,
			);
			runOnlyForDeploymentPostprocessing = 0;
		};
/* End PBXSourcesBuildPhase section */

/* Begin XCBuildConfiguration section */
		439D9D892801A51000EA09FA /* Debug */ = {
			isa = XCBuildConfiguration;
			buildSettings = {
				ALWAYS_SEARCH_USER_PATHS = NO;
				CLANG_ANALYZER_NONNULL = YES;
				CLANG_ANALYZER_NUMBER_OBJECT_CONVERSION = YES_AGGRESSIVE;
				CLANG_CXX_LANGUAGE_STANDARD = "gnu++14";
				CLANG_CXX_LIBRARY = "libc++";
				CLANG_ENABLE_MODULES = YES;
				CLANG_ENABLE_OBJC_ARC = YES;
				CLANG_ENABLE_OBJC_WEAK = YES;
				CLANG_WARN_BLOCK_CAPTURE_AUTORELEASING = YES;
				CLANG_WARN_BOOL_CONVERSION = YES;
				CLANG_WARN_COMMA = YES;
				CLANG_WARN_CONSTANT_CONVERSION = YES;
				CLANG_WARN_DEPRECATED_OBJC_IMPLEMENTATIONS = YES;
				CLANG_WARN_DIRECT_OBJC_ISA_USAGE = YES_ERROR;
				CLANG_WARN_DOCUMENTATION_COMMENTS = YES;
				CLANG_WARN_EMPTY_BODY = YES;
				CLANG_WARN_ENUM_CONVERSION = YES;
				CLANG_WARN_INFINITE_RECURSION = YES;
				CLANG_WARN_INT_CONVERSION = YES;
				CLANG_WARN_NON_LITERAL_NULL_CONVERSION = YES;
				CLANG_WARN_OBJC_IMPLICIT_RETAIN_SELF = YES;
				CLANG_WARN_OBJC_LITERAL_CONVERSION = YES;
				CLANG_WARN_OBJC_ROOT_CLASS = YES_ERROR;
				CLANG_WARN_QUOTED_INCLUDE_IN_FRAMEWORK_HEADER = YES;
				CLANG_WARN_RANGE_LOOP_ANALYSIS = YES;
				CLANG_WARN_STRICT_PROTOTYPES = YES;
				CLANG_WARN_SUSPICIOUS_MOVE = YES;
				CLANG_WARN_UNGUARDED_AVAILABILITY = YES_AGGRESSIVE;
				CLANG_WARN_UNREACHABLE_CODE = YES;
				CLANG_WARN__DUPLICATE_METHOD_MATCH = YES;
				COPY_PHASE_STRIP = NO;
				DEBUG_INFORMATION_FORMAT = dwarf;
				ENABLE_STRICT_OBJC_MSGSEND = YES;
				ENABLE_TESTABILITY = YES;
				GCC_C_LANGUAGE_STANDARD = gnu11;
				GCC_DYNAMIC_NO_PIC = NO;
				GCC_NO_COMMON_BLOCKS = YES;
				GCC_OPTIMIZATION_LEVEL = 0;
				GCC_PREPROCESSOR_DEFINITIONS = (
					"DEBUG=1",
					"$(inherited)",
				);
				GCC_WARN_64_TO_32_BIT_CONVERSION = YES;
				GCC_WARN_ABOUT_RETURN_TYPE = YES_ERROR;
				GCC_WARN_UNDECLARED_SELECTOR = YES;
				GCC_WARN_UNINITIALIZED_AUTOS = YES_AGGRESSIVE;
				GCC_WARN_UNUSED_FUNCTION = YES;
				GCC_WARN_UNUSED_VARIABLE = YES;
				IPHONEOS_DEPLOYMENT_TARGET = 14.4;
				MTL_ENABLE_DEBUG_INFO = INCLUDE_SOURCE;
				MTL_FAST_MATH = YES;
				ONLY_ACTIVE_ARCH = YES;
				SDKROOT = iphoneos;
				SWIFT_ACTIVE_COMPILATION_CONDITIONS = DEBUG;
				SWIFT_OPTIMIZATION_LEVEL = "-Onone";
			};
			name = Debug;
		};
		439D9D8A2801A51000EA09FA /* Release */ = {
			isa = XCBuildConfiguration;
			buildSettings = {
				ALWAYS_SEARCH_USER_PATHS = NO;
				CLANG_ANALYZER_NONNULL = YES;
				CLANG_ANALYZER_NUMBER_OBJECT_CONVERSION = YES_AGGRESSIVE;
				CLANG_CXX_LANGUAGE_STANDARD = "gnu++14";
				CLANG_CXX_LIBRARY = "libc++";
				CLANG_ENABLE_MODULES = YES;
				CLANG_ENABLE_OBJC_ARC = YES;
				CLANG_ENABLE_OBJC_WEAK = YES;
				CLANG_WARN_BLOCK_CAPTURE_AUTORELEASING = YES;
				CLANG_WARN_BOOL_CONVERSION = YES;
				CLANG_WARN_COMMA = YES;
				CLANG_WARN_CONSTANT_CONVERSION = YES;
				CLANG_WARN_DEPRECATED_OBJC_IMPLEMENTATIONS = YES;
				CLANG_WARN_DIRECT_OBJC_ISA_USAGE = YES_ERROR;
				CLANG_WARN_DOCUMENTATION_COMMENTS = YES;
				CLANG_WARN_EMPTY_BODY = YES;
				CLANG_WARN_ENUM_CONVERSION = YES;
				CLANG_WARN_INFINITE_RECURSION = YES;
				CLANG_WARN_INT_CONVERSION = YES;
				CLANG_WARN_NON_LITERAL_NULL_CONVERSION = YES;
				CLANG_WARN_OBJC_IMPLICIT_RETAIN_SELF = YES;
				CLANG_WARN_OBJC_LITERAL_CONVERSION = YES;
				CLANG_WARN_OBJC_ROOT_CLASS = YES_ERROR;
				CLANG_WARN_QUOTED_INCLUDE_IN_FRAMEWORK_HEADER = YES;
				CLANG_WARN_RANGE_LOOP_ANALYSIS = YES;
				CLANG_WARN_STRICT_PROTOTYPES = YES;
				CLANG_WARN_SUSPICIOUS_MOVE = YES;
				CLANG_WARN_UNGUARDED_AVAILABILITY = YES_AGGRESSIVE;
				CLANG_WARN_UNREACHABLE_CODE = YES;
				CLANG_WARN__DUPLICATE_METHOD_MATCH = YES;
				COPY_PHASE_STRIP = NO;
				DEBUG_INFORMATION_FORMAT = "dwarf-with-dsym";
				ENABLE_NS_ASSERTIONS = NO;
				ENABLE_STRICT_OBJC_MSGSEND = YES;
				GCC_C_LANGUAGE_STANDARD = gnu11;
				GCC_NO_COMMON_BLOCKS = YES;
				GCC_WARN_64_TO_32_BIT_CONVERSION = YES;
				GCC_WARN_ABOUT_RETURN_TYPE = YES_ERROR;
				GCC_WARN_UNDECLARED_SELECTOR = YES;
				GCC_WARN_UNINITIALIZED_AUTOS = YES_AGGRESSIVE;
				GCC_WARN_UNUSED_FUNCTION = YES;
				GCC_WARN_UNUSED_VARIABLE = YES;
				IPHONEOS_DEPLOYMENT_TARGET = 14.4;
				MTL_ENABLE_DEBUG_INFO = NO;
				MTL_FAST_MATH = YES;
				SDKROOT = iphoneos;
				SWIFT_COMPILATION_MODE = wholemodule;
				SWIFT_OPTIMIZATION_LEVEL = "-O";
				VALIDATE_PRODUCT = YES;
			};
			name = Release;
		};
		439D9D8C2801A51000EA09FA /* Debug */ = {
			isa = XCBuildConfiguration;
			buildSettings = {
				ASSETCATALOG_COMPILER_APPICON_NAME = AppIcon;
				ASSETCATALOG_COMPILER_GLOBAL_ACCENT_COLOR_NAME = AccentColor;
				CODE_SIGN_STYLE = Automatic;
				DEVELOPMENT_ASSET_PATHS = "\"WordleVincen/Preview Content\"";
				ENABLE_PREVIEWS = YES;
				INFOPLIST_FILE = WordleVincen/Info.plist;
				IPHONEOS_DEPLOYMENT_TARGET = 14.0;
				LD_RUNPATH_SEARCH_PATHS = (
					"$(inherited)",
					"@executable_path/Frameworks",
				);
				PRODUCT_BUNDLE_IDENTIFIER = "rachel-siapa.WordleVincen";
				PRODUCT_NAME = "$(TARGET_NAME)";
				SWIFT_VERSION = 5.0;
				TARGETED_DEVICE_FAMILY = "1,2";
			};
			name = Debug;
		};
		439D9D8D2801A51000EA09FA /* Release */ = {
			isa = XCBuildConfiguration;
			buildSettings = {
				ASSETCATALOG_COMPILER_APPICON_NAME = AppIcon;
				ASSETCATALOG_COMPILER_GLOBAL_ACCENT_COLOR_NAME = AccentColor;
				CODE_SIGN_STYLE = Automatic;
				DEVELOPMENT_ASSET_PATHS = "\"WordleVincen/Preview Content\"";
				ENABLE_PREVIEWS = YES;
				INFOPLIST_FILE = WordleVincen/Info.plist;
				IPHONEOS_DEPLOYMENT_TARGET = 14.0;
				LD_RUNPATH_SEARCH_PATHS = (
					"$(inherited)",
					"@executable_path/Frameworks",
				);
				PRODUCT_BUNDLE_IDENTIFIER = "rachel-siapa.WordleVincen";
				PRODUCT_NAME = "$(TARGET_NAME)";
				SWIFT_VERSION = 5.0;
				TARGETED_DEVICE_FAMILY = "1,2";
			};
			name = Release;
		};
/* End XCBuildConfiguration section */

/* Begin XCConfigurationList section */
		439D9D772801A50600EA09FA /* Build configuration list for PBXProject "WordleVincen" */ = {
			isa = XCConfigurationList;
			buildConfigurations = (
				439D9D892801A51000EA09FA /* Debug */,
				439D9D8A2801A51000EA09FA /* Release */,
			);
			defaultConfigurationIsVisible = 0;
			defaultConfigurationName = Release;
		};
		439D9D8B2801A51000EA09FA /* Build configuration list for PBXNativeTarget "WordleVincen" */ = {
			isa = XCConfigurationList;
			buildConfigurations = (
				439D9D8C2801A51000EA09FA /* Debug */,
				439D9D8D2801A51000EA09FA /* Release */,
			);
			defaultConfigurationIsVisible = 0;
			defaultConfigurationName = Release;
		};
/* End XCConfigurationList section */
	};
	rootObject = 439D9D742801A50600EA09FA /* Project object */;
}
